
Microsoft Visual Studio Solution File, Format Version 12.00
# Visual Studio Version 16
VisualStudioVersion = 16.0.31019.35
MinimumVisualStudioVersion = 10.0.40219.1
Project("{FAE04EC0-301F-11D3-BF4B-00C04F79EFBC}") = "DataTypes_Assingment2", "DataTypes_Assingment2\DataTypes_Assingment2.csproj", "{0679D63B-8685-4621-B6BA-8815B7C1B7B4}"
EndProject
Global
	GlobalSection(SolutionConfigurationPlatforms) = preSolution
		Debug|Any CPU = Debug|Any CPU
		Release|Any CPU = Release|Any CPU
	EndGlobalSection
	GlobalSection(ProjectConfigurationPlatforms) = postSolution
		{0679D63B-8685-4621-B6BA-8815B7C1B7B4}.Debug|Any CPU.ActiveCfg = Debug|Any CPU
		{0679D63B-8685-4621-B6BA-8815B7C1B7B4}.Debug|Any CPU.Build.0 = Debug|Any CPU
		{0679D63B-8685-4621-B6BA-8815B7C1B7B4}.Release|Any CPU.ActiveCfg = Release|Any CPU
		{0679D63B-8685-4621-B6BA-8815B7C1B7B4}.Release|Any CPU.Build.0 = Release|Any CPU
	EndGlobalSection
	GlobalSection(SolutionProperties) = preSolution
		HideSolutionNode = FALSE
	EndGlobalSection
	GlobalSection(ExtensibilityGlobals) = postSolution
		SolutionGuid = {671A341C-97CD-44E4-9867-EBC5D9765B75}
	EndGlobalSection
EndGlobal
